
Microsoft Visual Studio Solution File, Format Version 12.00
# Visual Studio Version 17
VisualStudioVersion = 17.11.35222.181
MinimumVisualStudioVersion = 10.0.40219.1
Project("{FAE04EC0-301F-11D3-BF4B-00C04F79EFBC}") = "OOB2b_2425_Constructors", "OOB2b_2425_Constructors\OOB2b_2425_Constructors.csproj", "{1DE90367-86FA-4989-B17E-6A75640F2403}"
EndProject
Global
	GlobalSection(SolutionConfigurationPlatforms) = preSolution
		Debug|Any CPU = Debug|Any CPU
		Release|Any CPU = Release|Any CPU
	EndGlobalSection
	GlobalSection(ProjectConfigurationPlatforms) = postSolution
		{1DE90367-86FA-4989-B17E-6A75640F2403}.Debug|Any CPU.ActiveCfg = Debug|Any CPU
		{1DE90367-86FA-4989-B17E-6A75640F2403}.Debug|Any CPU.Build.0 = Debug|Any CPU
		{1DE90367-86FA-4989-B17E-6A75640F2403}.Release|Any CPU.ActiveCfg = Release|Any CPU
		{1DE90367-86FA-4989-B17E-6A75640F2403}.Release|Any CPU.Build.0 = Release|Any CPU
	EndGlobalSection
	GlobalSection(SolutionProperties) = preSolution
		HideSolutionNode = FALSE
	EndGlobalSection
	GlobalSection(ExtensibilityGlobals) = postSolution
		SolutionGuid = {CB9CF200-DCF2-4C01-92F4-DA337F7F4031}
	EndGlobalSection
EndGlobal
